
Microsoft Visual Studio Solution File, Format Version 12.00
# Visual Studio 15
VisualStudioVersion = 15.0.26124.0
MinimumVisualStudioVersion = 15.0.26124.0
Project("{FAE04EC0-301F-11D3-BF4B-00C04F79EFBC}") = "Palindrome.Client", "Palindrome.Client\Palindrome.Client.csproj", "{918357D5-D33D-4EB7-AD0A-101BDC82E96F}"
EndProject
Project("{FAE04EC0-301F-11D3-BF4B-00C04F79EFBC}") = "Palindrome.Domain", "Palindrome.Domain\Palindrome.Domain.csproj", "{646F69CB-2D74-4BAE-B44C-83F2B4E6C892}"
EndProject
Project("{FAE04EC0-301F-11D3-BF4B-00C04F79EFBC}") = "Palindrome.Testing", "Palindrome.Testing\Palindrome.Testing.csproj", "{DF1DDE00-C2CE-4CC9-AB14-E57FBDA3BCFA}"
EndProject
Global
	GlobalSection(SolutionConfigurationPlatforms) = preSolution
		Debug|Any CPU = Debug|Any CPU
		Debug|x64 = Debug|x64
		Debug|x86 = Debug|x86
		Release|Any CPU = Release|Any CPU
		Release|x64 = Release|x64
		Release|x86 = Release|x86
	EndGlobalSection
	GlobalSection(SolutionProperties) = preSolution
		HideSolutionNode = FALSE
	EndGlobalSection
	GlobalSection(ProjectConfigurationPlatforms) = postSolution
		{918357D5-D33D-4EB7-AD0A-101BDC82E96F}.Debug|Any CPU.ActiveCfg = Debug|Any CPU
		{918357D5-D33D-4EB7-AD0A-101BDC82E96F}.Debug|Any CPU.Build.0 = Debug|Any CPU
		{918357D5-D33D-4EB7-AD0A-101BDC82E96F}.Debug|x64.ActiveCfg = Debug|Any CPU
		{918357D5-D33D-4EB7-AD0A-101BDC82E96F}.Debug|x64.Build.0 = Debug|Any CPU
		{918357D5-D33D-4EB7-AD0A-101BDC82E96F}.Debug|x86.ActiveCfg = Debug|Any CPU
		{918357D5-D33D-4EB7-AD0A-101BDC82E96F}.Debug|x86.Build.0 = Debug|Any CPU
		{918357D5-D33D-4EB7-AD0A-101BDC82E96F}.Release|Any CPU.ActiveCfg = Release|Any CPU
		{918357D5-D33D-4EB7-AD0A-101BDC82E96F}.Release|Any CPU.Build.0 = Release|Any CPU
		{918357D5-D33D-4EB7-AD0A-101BDC82E96F}.Release|x64.ActiveCfg = Release|Any CPU
		{918357D5-D33D-4EB7-AD0A-101BDC82E96F}.Release|x64.Build.0 = Release|Any CPU
		{918357D5-D33D-4EB7-AD0A-101BDC82E96F}.Release|x86.ActiveCfg = Release|Any CPU
		{918357D5-D33D-4EB7-AD0A-101BDC82E96F}.Release|x86.Build.0 = Release|Any CPU
		{646F69CB-2D74-4BAE-B44C-83F2B4E6C892}.Debug|Any CPU.ActiveCfg = Debug|Any CPU
		{646F69CB-2D74-4BAE-B44C-83F2B4E6C892}.Debug|Any CPU.Build.0 = Debug|Any CPU
		{646F69CB-2D74-4BAE-B44C-83F2B4E6C892}.Debug|x64.ActiveCfg = Debug|Any CPU
		{646F69CB-2D74-4BAE-B44C-83F2B4E6C892}.Debug|x64.Build.0 = Debug|Any CPU
		{646F69CB-2D74-4BAE-B44C-83F2B4E6C892}.Debug|x86.ActiveCfg = Debug|Any CPU
		{646F69CB-2D74-4BAE-B44C-83F2B4E6C892}.Debug|x86.Build.0 = Debug|Any CPU
		{646F69CB-2D74-4BAE-B44C-83F2B4E6C892}.Release|Any CPU.ActiveCfg = Release|Any CPU
		{646F69CB-2D74-4BAE-B44C-83F2B4E6C892}.Release|Any CPU.Build.0 = Release|Any CPU
		{646F69CB-2D74-4BAE-B44C-83F2B4E6C892}.Release|x64.ActiveCfg = Release|Any CPU
		{646F69CB-2D74-4BAE-B44C-83F2B4E6C892}.Release|x64.Build.0 = Release|Any CPU
		{646F69CB-2D74-4BAE-B44C-83F2B4E6C892}.Release|x86.ActiveCfg = Release|Any CPU
		{646F69CB-2D74-4BAE-B44C-83F2B4E6C892}.Release|x86.Build.0 = Release|Any CPU
		{DF1DDE00-C2CE-4CC9-AB14-E57FBDA3BCFA}.Debug|Any CPU.ActiveCfg = Debug|Any CPU
		{DF1DDE00-C2CE-4CC9-AB14-E57FBDA3BCFA}.Debug|Any CPU.Build.0 = Debug|Any CPU
		{DF1DDE00-C2CE-4CC9-AB14-E57FBDA3BCFA}.Debug|x64.ActiveCfg = Debug|Any CPU
		{DF1DDE00-C2CE-4CC9-AB14-E57FBDA3BCFA}.Debug|x64.Build.0 = Debug|Any CPU
		{DF1DDE00-C2CE-4CC9-AB14-E57FBDA3BCFA}.Debug|x86.ActiveCfg = Debug|Any CPU
		{DF1DDE00-C2CE-4CC9-AB14-E57FBDA3BCFA}.Debug|x86.Build.0 = Debug|Any CPU
		{DF1DDE00-C2CE-4CC9-AB14-E57FBDA3BCFA}.Release|Any CPU.ActiveCfg = Release|Any CPU
		{DF1DDE00-C2CE-4CC9-AB14-E57FBDA3BCFA}.Release|Any CPU.Build.0 = Release|Any CPU
		{DF1DDE00-C2CE-4CC9-AB14-E57FBDA3BCFA}.Release|x64.ActiveCfg = Release|Any CPU
		{DF1DDE00-C2CE-4CC9-AB14-E57FBDA3BCFA}.Release|x64.Build.0 = Release|Any CPU
		{DF1DDE00-C2CE-4CC9-AB14-E57FBDA3BCFA}.Release|x86.ActiveCfg = Release|Any CPU
		{DF1DDE00-C2CE-4CC9-AB14-E57FBDA3BCFA}.Release|x86.Build.0 = Release|Any CPU
	EndGlobalSection
EndGlobal
